
Microsoft Visual Studio Solution File, Format Version 12.00
# Visual Studio Version 18
VisualStudioVersion = 18.4.11626.88
MinimumVisualStudioVersion = 10.0.40219.1
Project("{FAE04EC0-301F-11D3-BF4B-00C04F79EFBC}") = "RightClickTools", "RightClickTools.csproj", "{A2C1801A-CB6B-45B7-8DC5-22B0E2E3ABF9}"
EndProject
Project("{8BC9CEB8-8B4A-11D0-8D11-00A0C91BC942}") = "RightClickToolsHandler", "RightClickToolsHandler\RightClickToolsHandler.vcxproj", "{8B35A2C4-D32E-4A45-ACB4-56A504C05657}"
EndProject
Global
	GlobalSection(SolutionConfigurationPlatforms) = preSolution
		Debug|Any CPU = Debug|Any CPU
		Release|Any CPU = Release|Any CPU
	EndGlobalSection
	GlobalSection(ProjectConfigurationPlatforms) = postSolution
		{A2C1801A-CB6B-45B7-8DC5-22B0E2E3ABF9}.Debug|Any CPU.ActiveCfg = Debug|Any CPU
		{A2C1801A-CB6B-45B7-8DC5-22B0E2E3ABF9}.Debug|Any CPU.Build.0 = Debug|Any CPU
		{A2C1801A-CB6B-45B7-8DC5-22B0E2E3ABF9}.Release|Any CPU.ActiveCfg = Release|Any CPU
		{A2C1801A-CB6B-45B7-8DC5-22B0E2E3ABF9}.Release|Any CPU.Build.0 = Release|Any CPU
		{8B35A2C4-D32E-4A45-ACB4-56A504C05657}.Debug|Any CPU.ActiveCfg = Debug|x64
		{8B35A2C4-D32E-4A45-ACB4-56A504C05657}.Debug|Any CPU.Build.0 = Debug|x64
		{8B35A2C4-D32E-4A45-ACB4-56A504C05657}.Release|Any CPU.ActiveCfg = Release|x64
		{8B35A2C4-D32E-4A45-ACB4-56A504C05657}.Release|Any CPU.Build.0 = Release|x64
	EndGlobalSection
	GlobalSection(SolutionProperties) = preSolution
		HideSolutionNode = FALSE
	EndGlobalSection
EndGlobal
